
Microsoft Visual Studio Solution File, Format Version 12.00
Project("{FAE04EC0-301F-11D3-BF4B-00C04F79EFBC}") = "TestsGenerator", "TestsGenerator\TestsGenerator.csproj", "{A146FF62-89E3-4780-A7D0-F2C0951FAC0E}"
EndProject
Project("{FAE04EC0-301F-11D3-BF4B-00C04F79EFBC}") = "ConsoleApp", "ConsoleApp\ConsoleApp.csproj", "{D5266D74-17BF-4CA9-9C8A-B43A265BB0B4}"
EndProject
Global
	GlobalSection(SolutionConfigurationPlatforms) = preSolution
		Debug|Any CPU = Debug|Any CPU
		Release|Any CPU = Release|Any CPU
	EndGlobalSection
	GlobalSection(ProjectConfigurationPlatforms) = postSolution
		{A146FF62-89E3-4780-A7D0-F2C0951FAC0E}.Debug|Any CPU.ActiveCfg = Debug|Any CPU
		{A146FF62-89E3-4780-A7D0-F2C0951FAC0E}.Debug|Any CPU.Build.0 = Debug|Any CPU
		{A146FF62-89E3-4780-A7D0-F2C0951FAC0E}.Release|Any CPU.ActiveCfg = Release|Any CPU
		{A146FF62-89E3-4780-A7D0-F2C0951FAC0E}.Release|Any CPU.Build.0 = Release|Any CPU
		{D5266D74-17BF-4CA9-9C8A-B43A265BB0B4}.Debug|Any CPU.ActiveCfg = Debug|Any CPU
		{D5266D74-17BF-4CA9-9C8A-B43A265BB0B4}.Debug|Any CPU.Build.0 = Debug|Any CPU
		{D5266D74-17BF-4CA9-9C8A-B43A265BB0B4}.Release|Any CPU.ActiveCfg = Release|Any CPU
		{D5266D74-17BF-4CA9-9C8A-B43A265BB0B4}.Release|Any CPU.Build.0 = Release|Any CPU
	EndGlobalSection
EndGlobal
